// !$*UTF8*$!
{
	archiveVersion = 1;
	classes = {
	};
	objectVersion = 46;
	objects = {

/* Begin PBXBuildFile section */
		33A1F18F1E411B60007103E4 /* AppDelegate.swift in Sources */ = {isa = PBXBuildFile; fileRef = 33A1F18E1E411B60007103E4 /* AppDelegate.swift */; };
		33A1F1911E411B60007103E4 /* ViewController.swift in Sources */ = {isa = PBXBuildFile; fileRef = 33A1F1901E411B60007103E4 /* ViewController.swift */; };
		33A1F1941E411B60007103E4 /* Main.storyboard in Resources */ = {isa = PBXBuildFile; fileRef = 33A1F1921E411B60007103E4 /* Main.storyboard */; };
		33A1F1961E411B61007103E4 /* Assets.xcassets in Resources */ = {isa = PBXBuildFile; fileRef = 33A1F1951E411B61007103E4 /* Assets.xcassets */; };
		33A1F1991E411B61007103E4 /* LaunchScreen.storyboard in Resources */ = {isa = PBXBuildFile; fileRef = 33A1F1971E411B61007103E4 /* LaunchScreen.storyboard */; };
		33A1F1A31E411BDD007103E4 /* Book.swift in Sources */ = {isa = PBXBuildFile; fileRef = 33A1F1A21E411BDD007103E4 /* Book.swift */; };
		33A1F1A51E411DCE007103E4 /* Library.swift in Sources */ = {isa = PBXBuildFile; fileRef = 33A1F1A41E411DCE007103E4 /* Library.swift */; };
		33A1F1A71E411EE9007103E4 /* Tag.swift in Sources */ = {isa = PBXBuildFile; fileRef = 33A1F1A61E411EE9007103E4 /* Tag.swift */; };
		33A1F1AA1E4121D3007103E4 /* MultiDictionary.swift in Sources */ = {isa = PBXBuildFile; fileRef = 33A1F1A91E4121D3007103E4 /* MultiDictionary.swift */; };
		33A1F1AC1E412EAA007103E4 /* AyncData.swift in Sources */ = {isa = PBXBuildFile; fileRef = 33A1F1AB1E412EAA007103E4 /* AyncData.swift */; };
		33A1F1B01E413D19007103E4 /* Errors.swift in Sources */ = {isa = PBXBuildFile; fileRef = 33A1F1AF1E413D19007103E4 /* Errors.swift */; };
		33A1F1B31E4147BE007103E4 /* FoundationExtensions.swift in Sources */ = {isa = PBXBuildFile; fileRef = 33A1F1B21E4147BE007103E4 /* FoundationExtensions.swift */; };
		33A1F1B51E4147F6007103E4 /* JSONProcessing.swift in Sources */ = {isa = PBXBuildFile; fileRef = 33A1F1B41E4147F6007103E4 /* JSONProcessing.swift */; };
		33A1F1B71E414EB1007103E4 /* Author.swift in Sources */ = {isa = PBXBuildFile; fileRef = 33A1F1B61E414EB1007103E4 /* Author.swift */; };
		33A1F1BB1E4154A3007103E4 /* LibraryTableViewController.swift in Sources */ = {isa = PBXBuildFile; fileRef = 33A1F1B91E4154A3007103E4 /* LibraryTableViewController.swift */; };
		33A1F1BC1E4154A3007103E4 /* LibraryTableViewController.xib in Resources */ = {isa = PBXBuildFile; fileRef = 33A1F1BA1E4154A3007103E4 /* LibraryTableViewController.xib */; };
		33A1F1C01E415530007103E4 /* books_readable.json in Resources */ = {isa = PBXBuildFile; fileRef = 33A1F1BF1E415530007103E4 /* books_readable.json */; };
		33A1F1C61E42ACF0007103E4 /* bacon_ipsum.pdf in Resources */ = {isa = PBXBuildFile; fileRef = 33A1F1C51E42ACF0007103E4 /* bacon_ipsum.pdf */; };
		33A1F1C81E42AD3B007103E4 /* bacon.jpg in Resources */ = {isa = PBXBuildFile; fileRef = 33A1F1C71E42AD3B007103E4 /* bacon.jpg */; };
		33A1F1CA1E42C3CC007103E4 /* Files.swift in Sources */ = {isa = PBXBuildFile; fileRef = 33A1F1C91E42C3CC007103E4 /* Files.swift */; };
/* End PBXBuildFile section */

/* Begin PBXFileReference section */
		33A1F18B1E411B60007103E4 /* HackerBook.app */ = {isa = PBXFileReference; explicitFileType = wrapper.application; includeInIndex = 0; path = HackerBook.app; sourceTree = BUILT_PRODUCTS_DIR; };
		33A1F18E1E411B60007103E4 /* AppDelegate.swift */ = {isa = PBXFileReference; lastKnownFileType = sourcecode.swift; path = AppDelegate.swift; sourceTree = "<group>"; };
		33A1F1901E411B60007103E4 /* ViewController.swift */ = {isa = PBXFileReference; lastKnownFileType = sourcecode.swift; path = ViewController.swift; sourceTree = "<group>"; };
		33A1F1931E411B60007103E4 /* Base */ = {isa = PBXFileReference; lastKnownFileType = file.storyboard; name = Base; path = Base.lproj/Main.storyboard; sourceTree = "<group>"; };
		33A1F1951E411B61007103E4 /* Assets.xcassets */ = {isa = PBXFileReference; lastKnownFileType = folder.assetcatalog; path = Assets.xcassets; sourceTree = "<group>"; };
		33A1F1981E411B61007103E4 /* Base */ = {isa = PBXFileReference; lastKnownFileType = file.storyboard; name = Base; path = Base.lproj/LaunchScreen.storyboard; sourceTree = "<group>"; };
		33A1F19A1E411B61007103E4 /* Info.plist */ = {isa = PBXFileReference; lastKnownFileType = text.plist.xml; path = Info.plist; sourceTree = "<group>"; };
		33A1F1A21E411BDD007103E4 /* Book.swift */ = {isa = PBXFileReference; fileEncoding = 4; lastKnownFileType = sourcecode.swift; path = Book.swift; sourceTree = "<group>"; };
		33A1F1A41E411DCE007103E4 /* Library.swift */ = {isa = PBXFileReference; fileEncoding = 4; lastKnownFileType = sourcecode.swift; path = Library.swift; sourceTree = "<group>"; };
		33A1F1A61E411EE9007103E4 /* Tag.swift */ = {isa = PBXFileReference; fileEncoding = 4; lastKnownFileType = sourcecode.swift; path = Tag.swift; sourceTree = "<group>"; };
		33A1F1A91E4121D3007103E4 /* MultiDictionary.swift */ = {isa = PBXFileReference; fileEncoding = 4; lastKnownFileType = sourcecode.swift; path = MultiDictionary.swift; sourceTree = "<group>"; };
		33A1F1AB1E412EAA007103E4 /* AyncData.swift */ = {isa = PBXFileReference; fileEncoding = 4; lastKnownFileType = sourcecode.swift; path = AyncData.swift; sourceTree = "<group>"; };
		33A1F1AF1E413D19007103E4 /* Errors.swift */ = {isa = PBXFileReference; fileEncoding = 4; lastKnownFileType = sourcecode.swift; path = Errors.swift; sourceTree = "<group>"; };
		33A1F1B21E4147BE007103E4 /* FoundationExtensions.swift */ = {isa = PBXFileReference; fileEncoding = 4; lastKnownFileType = sourcecode.swift; path = FoundationExtensions.swift; sourceTree = "<group>"; };
		33A1F1B41E4147F6007103E4 /* JSONProcessing.swift */ = {isa = PBXFileReference; fileEncoding = 4; lastKnownFileType = sourcecode.swift; path = JSONProcessing.swift; sourceTree = "<group>"; };
		33A1F1B61E414EB1007103E4 /* Author.swift */ = {isa = PBXFileReference; fileEncoding = 4; lastKnownFileType = sourcecode.swift; path = Author.swift; sourceTree = "<group>"; };
		33A1F1B91E4154A3007103E4 /* LibraryTableViewController.swift */ = {isa = PBXFileReference; fileEncoding = 4; lastKnownFileType = sourcecode.swift; path = LibraryTableViewController.swift; sourceTree = "<group>"; };
		33A1F1BA1E4154A3007103E4 /* LibraryTableViewController.xib */ = {isa = PBXFileReference; fileEncoding = 4; lastKnownFileType = file.xib; path = LibraryTableViewController.xib; sourceTree = "<group>"; };
		33A1F1BF1E415530007103E4 /* books_readable.json */ = {isa = PBXFileReference; fileEncoding = 4; lastKnownFileType = text.json; path = books_readable.json; sourceTree = "<group>"; };
		33A1F1C51E42ACF0007103E4 /* bacon_ipsum.pdf */ = {isa = PBXFileReference; lastKnownFileType = image.pdf; path = bacon_ipsum.pdf; sourceTree = "<group>"; };
		33A1F1C71E42AD3B007103E4 /* bacon.jpg */ = {isa = PBXFileReference; lastKnownFileType = image.jpeg; path = bacon.jpg; sourceTree = "<group>"; };
		33A1F1C91E42C3CC007103E4 /* Files.swift */ = {isa = PBXFileReference; fileEncoding = 4; lastKnownFileType = sourcecode.swift; path = Files.swift; sourceTree = "<group>"; };
/* End PBXFileReference section */

/* Begin PBXFrameworksBuildPhase section */
		33A1F1881E411B60007103E4 /* Frameworks */ = {
			isa = PBXFrameworksBuildPhase;
			buildActionMask = 2147483647;
			files = (
			);
			runOnlyForDeploymentPostprocessing = 0;
		};
/* End PBXFrameworksBuildPhase section */

/* Begin PBXGroup section */
		33A1F1821E411B60007103E4 = {
			isa = PBXGroup;
			children = (
				33A1F18D1E411B60007103E4 /* HackerBook */,
				33A1F18C1E411B60007103E4 /* Products */,
			);
			sourceTree = "<group>";
		};
		33A1F18C1E411B60007103E4 /* Products */ = {
			isa = PBXGroup;
			children = (
				33A1F18B1E411B60007103E4 /* HackerBook.app */,
			);
			name = Products;
			sourceTree = "<group>";
		};
		33A1F18D1E411B60007103E4 /* HackerBook */ = {
			isa = PBXGroup;
			children = (
				33A1F1A01E411BA5007103E4 /* App */,
			);
			path = HackerBook;
			sourceTree = "<group>";
		};
		33A1F1A01E411BA5007103E4 /* App */ = {
			isa = PBXGroup;
			children = (
				33A1F1BD1E415515007103E4 /* Resources */,
				33A1F1B81E415469007103E4 /* Controllers */,
				33A1F1B11E4147A7007103E4 /* Frameworks */,
				33A1F1A81E4121B3007103E4 /* Helpers */,
				33A1F1A11E411BC0007103E4 /* Models */,
				33A1F18E1E411B60007103E4 /* AppDelegate.swift */,
				33A1F1901E411B60007103E4 /* ViewController.swift */,
				33A1F1921E411B60007103E4 /* Main.storyboard */,
				33A1F1951E411B61007103E4 /* Assets.xcassets */,
				33A1F1971E411B61007103E4 /* LaunchScreen.storyboard */,
				33A1F19A1E411B61007103E4 /* Info.plist */,
			);
			name = App;
			sourceTree = "<group>";
		};
		33A1F1A11E411BC0007103E4 /* Models */ = {
			isa = PBXGroup;
			children = (
				33A1F1A21E411BDD007103E4 /* Book.swift */,
				33A1F1A41E411DCE007103E4 /* Library.swift */,
				33A1F1A61E411EE9007103E4 /* Tag.swift */,
				33A1F1B61E414EB1007103E4 /* Author.swift */,
			);
			name = Models;
			sourceTree = "<group>";
		};
		33A1F1A81E4121B3007103E4 /* Helpers */ = {
			isa = PBXGroup;
			children = (
				33A1F1A91E4121D3007103E4 /* MultiDictionary.swift */,
				33A1F1AB1E412EAA007103E4 /* AyncData.swift */,
				33A1F1AF1E413D19007103E4 /* Errors.swift */,
				33A1F1B41E4147F6007103E4 /* JSONProcessing.swift */,
				33A1F1C91E42C3CC007103E4 /* Files.swift */,
			);
			name = Helpers;
			sourceTree = "<group>";
		};
		33A1F1B11E4147A7007103E4 /* Frameworks */ = {
			isa = PBXGroup;
			children = (
				33A1F1B21E4147BE007103E4 /* FoundationExtensions.swift */,
			);
			name = Frameworks;
			sourceTree = "<group>";
		};
		33A1F1B81E415469007103E4 /* Controllers */ = {
			isa = PBXGroup;
			children = (
				33A1F1B91E4154A3007103E4 /* LibraryTableViewController.swift */,
				33A1F1BA1E4154A3007103E4 /* LibraryTableViewController.xib */,
			);
			name = Controllers;
			sourceTree = "<group>";
		};
		33A1F1BD1E415515007103E4 /* Resources */ = {
			isa = PBXGroup;
			children = (
				33A1F1C71E42AD3B007103E4 /* bacon.jpg */,
				33A1F1C51E42ACF0007103E4 /* bacon_ipsum.pdf */,
				33A1F1BE1E41551D007103E4 /* JSON */,
			);
			name = Resources;
			sourceTree = "<group>";
		};
		33A1F1BE1E41551D007103E4 /* JSON */ = {
			isa = PBXGroup;
			children = (
				33A1F1BF1E415530007103E4 /* books_readable.json */,
			);
			name = JSON;
			sourceTree = "<group>";
		};
/* End PBXGroup section */

/* Begin PBXNativeTarget section */
		33A1F18A1E411B60007103E4 /* HackerBook */ = {
			isa = PBXNativeTarget;
			buildConfigurationList = 33A1F19D1E411B61007103E4 /* Build configuration list for PBXNativeTarget "HackerBook" */;
			buildPhases = (
				33A1F1871E411B60007103E4 /* Sources */,
				33A1F1881E411B60007103E4 /* Frameworks */,
				33A1F1891E411B60007103E4 /* Resources */,
			);
			buildRules = (
			);
			dependencies = (
			);
			name = HackerBook;
			productName = HackerBook;
			productReference = 33A1F18B1E411B60007103E4 /* HackerBook.app */;
			productType = "com.apple.product-type.application";
		};
/* End PBXNativeTarget section */

/* Begin PBXProject section */
		33A1F1831E411B60007103E4 /* Project object */ = {
			isa = PBXProject;
			attributes = {
				LastSwiftUpdateCheck = 0820;
				LastUpgradeCheck = 0820;
				ORGANIZATIONNAME = ERISCO;
				TargetAttributes = {
					33A1F18A1E411B60007103E4 = {
						CreatedOnToolsVersion = 8.2.1;
						ProvisioningStyle = Automatic;
					};
				};
			};
			buildConfigurationList = 33A1F1861E411B60007103E4 /* Build configuration list for PBXProject "HackerBook" */;
			compatibilityVersion = "Xcode 3.2";
			developmentRegion = English;
			hasScannedForEncodings = 0;
			knownRegions = (
				en,
				Base,
			);
			mainGroup = 33A1F1821E411B60007103E4;
			productRefGroup = 33A1F18C1E411B60007103E4 /* Products */;
			projectDirPath = "";
			projectRoot = "";
			targets = (
				33A1F18A1E411B60007103E4 /* HackerBook */,
			);
		};
/* End PBXProject section */

/* Begin PBXResourcesBuildPhase section */
		33A1F1891E411B60007103E4 /* Resources */ = {
			isa = PBXResourcesBuildPhase;
			buildActionMask = 2147483647;
			files = (
				33A1F1C81E42AD3B007103E4 /* bacon.jpg in Resources */,
				33A1F1C01E415530007103E4 /* books_readable.json in Resources */,
				33A1F1991E411B61007103E4 /* LaunchScreen.storyboard in Resources */,
				33A1F1961E411B61007103E4 /* Assets.xcassets in Resources */,
				33A1F1941E411B60007103E4 /* Main.storyboard in Resources */,
				33A1F1C61E42ACF0007103E4 /* bacon_ipsum.pdf in Resources */,
				33A1F1BC1E4154A3007103E4 /* LibraryTableViewController.xib in Resources */,
			);
			runOnlyForDeploymentPostprocessing = 0;
		};
/* End PBXResourcesBuildPhase section */

/* Begin PBXSourcesBuildPhase section */
		33A1F1871E411B60007103E4 /* Sources */ = {
			isa = PBXSourcesBuildPhase;
			buildActionMask = 2147483647;
			files = (
				33A1F1911E411B60007103E4 /* ViewController.swift in Sources */,
				33A1F1AA1E4121D3007103E4 /* MultiDictionary.swift in Sources */,
				33A1F1A51E411DCE007103E4 /* Library.swift in Sources */,
				33A1F1AC1E412EAA007103E4 /* AyncData.swift in Sources */,
				33A1F1B51E4147F6007103E4 /* JSONProcessing.swift in Sources */,
				33A1F1B01E413D19007103E4 /* Errors.swift in Sources */,
				33A1F1BB1E4154A3007103E4 /* LibraryTableViewController.swift in Sources */,
				33A1F1A71E411EE9007103E4 /* Tag.swift in Sources */,
				33A1F1B71E414EB1007103E4 /* Author.swift in Sources */,
				33A1F18F1E411B60007103E4 /* AppDelegate.swift in Sources */,
				33A1F1CA1E42C3CC007103E4 /* Files.swift in Sources */,
				33A1F1A31E411BDD007103E4 /* Book.swift in Sources */,
				33A1F1B31E4147BE007103E4 /* FoundationExtensions.swift in Sources */,
			);
			runOnlyForDeploymentPostprocessing = 0;
		};
/* End PBXSourcesBuildPhase section */

/* Begin PBXVariantGroup section */
		33A1F1921E411B60007103E4 /* Main.storyboard */ = {
			isa = PBXVariantGroup;
			children = (
				33A1F1931E411B60007103E4 /* Base */,
			);
			name = Main.storyboard;
			sourceTree = "<group>";
		};
		33A1F1971E411B61007103E4 /* LaunchScreen.storyboard */ = {
			isa = PBXVariantGroup;
			children = (
				33A1F1981E411B61007103E4 /* Base */,
			);
			name = LaunchScreen.storyboard;
			sourceTree = "<group>";
		};
/* End PBXVariantGroup section */

/* Begin XCBuildConfiguration section */
		33A1F19B1E411B61007103E4 /* Debug */ = {
			isa = XCBuildConfiguration;
			buildSettings = {
				ALWAYS_SEARCH_USER_PATHS = NO;
				CLANG_ANALYZER_NONNULL = YES;
				CLANG_CXX_LANGUAGE_STANDARD = "gnu++0x";
				CLANG_CXX_LIBRARY = "libc++";
				CLANG_ENABLE_MODULES = YES;
				CLANG_ENABLE_OBJC_ARC = YES;
				CLANG_WARN_BOOL_CONVERSION = YES;
				CLANG_WARN_CONSTANT_CONVERSION = YES;
				CLANG_WARN_DIRECT_OBJC_ISA_USAGE = YES_ERROR;
				CLANG_WARN_DOCUMENTATION_COMMENTS = YES;
				CLANG_WARN_EMPTY_BODY = YES;
				CLANG_WARN_ENUM_CONVERSION = YES;
				CLANG_WARN_INFINITE_RECURSION = YES;
				CLANG_WARN_INT_CONVERSION = YES;
				CLANG_WARN_OBJC_ROOT_CLASS = YES_ERROR;
				CLANG_WARN_SUSPICIOUS_MOVE = YES;
				CLANG_WARN_UNREACHABLE_CODE = YES;
				CLANG_WARN__DUPLICATE_METHOD_MATCH = YES;
				"CODE_SIGN_IDENTITY[sdk=iphoneos*]" = "iPhone Developer";
				COPY_PHASE_STRIP = NO;
				DEBUG_INFORMATION_FORMAT = dwarf;
				ENABLE_STRICT_OBJC_MSGSEND = YES;
				ENABLE_TESTABILITY = YES;
				GCC_C_LANGUAGE_STANDARD = gnu99;
				GCC_DYNAMIC_NO_PIC = NO;
				GCC_NO_COMMON_BLOCKS = YES;
				GCC_OPTIMIZATION_LEVEL = 0;
				GCC_PREPROCESSOR_DEFINITIONS = (
					"DEBUG=1",
					"$(inherited)",
				);
				GCC_WARN_64_TO_32_BIT_CONVERSION = YES;
				GCC_WARN_ABOUT_RETURN_TYPE = YES_ERROR;
				GCC_WARN_UNDECLARED_SELECTOR = YES;
				GCC_WARN_UNINITIALIZED_AUTOS = YES_AGGRESSIVE;
				GCC_WARN_UNUSED_FUNCTION = YES;
				GCC_WARN_UNUSED_VARIABLE = YES;
				IPHONEOS_DEPLOYMENT_TARGET = 10.2;
				MTL_ENABLE_DEBUG_INFO = YES;
				ONLY_ACTIVE_ARCH = YES;
				SDKROOT = iphoneos;
				SWIFT_ACTIVE_COMPILATION_CONDITIONS = DEBUG;
				SWIFT_OPTIMIZATION_LEVEL = "-Onone";
				TARGETED_DEVICE_FAMILY = "1,2";
			};
			name = Debug;
		};
		33A1F19C1E411B61007103E4 /* Release */ = {
			isa = XCBuildConfiguration;
			buildSettings = {
				ALWAYS_SEARCH_USER_PATHS = NO;
				CLANG_ANALYZER_NONNULL = YES;
				CLANG_CXX_LANGUAGE_STANDARD = "gnu++0x";
				CLANG_CXX_LIBRARY = "libc++";
				CLANG_ENABLE_MODULES = YES;
				CLANG_ENABLE_OBJC_ARC = YES;
				CLANG_WARN_BOOL_CONVERSION = YES;
				CLANG_WARN_CONSTANT_CONVERSION = YES;
				CLANG_WARN_DIRECT_OBJC_ISA_USAGE = YES_ERROR;
				CLANG_WARN_DOCUMENTATION_COMMENTS = YES;
				CLANG_WARN_EMPTY_BODY = YES;
				CLANG_WARN_ENUM_CONVERSION = YES;
				CLANG_WARN_INFINITE_RECURSION = YES;
				CLANG_WARN_INT_CONVERSION = YES;
				CLANG_WARN_OBJC_ROOT_CLASS = YES_ERROR;
				CLANG_WARN_SUSPICIOUS_MOVE = YES;
				CLANG_WARN_UNREACHABLE_CODE = YES;
				CLANG_WARN__DUPLICATE_METHOD_MATCH = YES;
				"CODE_SIGN_IDENTITY[sdk=iphoneos*]" = "iPhone Developer";
				COPY_PHASE_STRIP = NO;
				DEBUG_INFORMATION_FORMAT = "dwarf-with-dsym";
				ENABLE_NS_ASSERTIONS = NO;
				ENABLE_STRICT_OBJC_MSGSEND = YES;
				GCC_C_LANGUAGE_STANDARD = gnu99;
				GCC_NO_COMMON_BLOCKS = YES;
				GCC_WARN_64_TO_32_BIT_CONVERSION = YES;
				GCC_WARN_ABOUT_RETURN_TYPE = YES_ERROR;
				GCC_WARN_UNDECLARED_SELECTOR = YES;
				GCC_WARN_UNINITIALIZED_AUTOS = YES_AGGRESSIVE;
				GCC_WARN_UNUSED_FUNCTION = YES;
				GCC_WARN_UNUSED_VARIABLE = YES;
				IPHONEOS_DEPLOYMENT_TARGET = 10.2;
				MTL_ENABLE_DEBUG_INFO = NO;
				SDKROOT = iphoneos;
				SWIFT_OPTIMIZATION_LEVEL = "-Owholemodule";
				TARGETED_DEVICE_FAMILY = "1,2";
				VALIDATE_PRODUCT = YES;
			};
			name = Release;
		};
		33A1F19E1E411B61007103E4 /* Debug */ = {
			isa = XCBuildConfiguration;
			buildSettings = {
				ASSETCATALOG_COMPILER_APPICON_NAME = AppIcon;
				INFOPLIST_FILE = HackerBook/Info.plist;
				LD_RUNPATH_SEARCH_PATHS = "$(inherited) @executable_path/Frameworks";
				PRODUCT_BUNDLE_IDENTIFIER = and.erisco.HackerBook;
				PRODUCT_NAME = "$(TARGET_NAME)";
				SWIFT_VERSION = 3.0;
			};
			name = Debug;
		};
		33A1F19F1E411B61007103E4 /* Release */ = {
			isa = XCBuildConfiguration;
			buildSettings = {
				ASSETCATALOG_COMPILER_APPICON_NAME = AppIcon;
				INFOPLIST_FILE = HackerBook/Info.plist;
				LD_RUNPATH_SEARCH_PATHS = "$(inherited) @executable_path/Frameworks";
				PRODUCT_BUNDLE_IDENTIFIER = and.erisco.HackerBook;
				PRODUCT_NAME = "$(TARGET_NAME)";
				SWIFT_VERSION = 3.0;
			};
			name = Release;
		};
/* End XCBuildConfiguration section */

/* Begin XCConfigurationList section */
		33A1F1861E411B60007103E4 /* Build configuration list for PBXProject "HackerBook" */ = {
			isa = XCConfigurationList;
			buildConfigurations = (
				33A1F19B1E411B61007103E4 /* Debug */,
				33A1F19C1E411B61007103E4 /* Release */,
			);
			defaultConfigurationIsVisible = 0;
			defaultConfigurationName = Release;
		};
		33A1F19D1E411B61007103E4 /* Build configuration list for PBXNativeTarget "HackerBook" */ = {
			isa = XCConfigurationList;
			buildConfigurations = (
				33A1F19E1E411B61007103E4 /* Debug */,
				33A1F19F1E411B61007103E4 /* Release */,
			);
			defaultConfigurationIsVisible = 0;
		};
/* End XCConfigurationList section */
	};
	rootObject = 33A1F1831E411B60007103E4 /* Project object */;
}
